// !$*UTF8*$!
{
	archiveVersion = 1;
	classes = {
	};
	objectVersion = 56;
	objects = {

/* Begin PBXBuildFile section */
		B13B16BE2BC254AE00216B6F /* TaskListView.swift in Sources */ = {isa = PBXBuildFile; fileRef = B13B16B42BC254AE00216B6F /* TaskListView.swift */; };
		B13B16BF2BC254AE00216B6F /* DateUtil.swift in Sources */ = {isa = PBXBuildFile; fileRef = B13B16B52BC254AE00216B6F /* DateUtil.swift */; };
		B13B16C02BC254AE00216B6F /* CharacterData.swift in Sources */ = {isa = PBXBuildFile; fileRef = B13B16B62BC254AE00216B6F /* CharacterData.swift */; };
		B13B16C12BC254AE00216B6F /* Assets.xcassets in Resources */ = {isa = PBXBuildFile; fileRef = B13B16B72BC254AE00216B6F /* Assets.xcassets */; };
		B13B16C22BC254AE00216B6F /* Preview Assets.xcassets in Resources */ = {isa = PBXBuildFile; fileRef = B13B16B92BC254AE00216B6F /* Preview Assets.xcassets */; };
		B13B16C32BC254AE00216B6F /* habitAppApp.swift in Sources */ = {isa = PBXBuildFile; fileRef = B13B16BA2BC254AE00216B6F /* habitAppApp.swift */; };
		B13B16C52BC254AE00216B6F /* TaskData.swift in Sources */ = {isa = PBXBuildFile; fileRef = B13B16BC2BC254AE00216B6F /* TaskData.swift */; };
		B13B16C62BC254AE00216B6F /* MainView.swift in Sources */ = {isa = PBXBuildFile; fileRef = B13B16BD2BC254AE00216B6F /* MainView.swift */; };
		B13B16CA2BC261A000216B6F /* TaskAddView.swift in Sources */ = {isa = PBXBuildFile; fileRef = B13B16C92BC261A000216B6F /* TaskAddView.swift */; };
		B13B16CC2BC26E4000216B6F /* TaskCountView.swift in Sources */ = {isa = PBXBuildFile; fileRef = B13B16CB2BC26E4000216B6F /* TaskCountView.swift */; };
		B13B16CE2BC275FB00216B6F /* CustomModifier.swift in Sources */ = {isa = PBXBuildFile; fileRef = B13B16CD2BC275FB00216B6F /* CustomModifier.swift */; };
		B13B16D22BC2B92C00216B6F /* CharacterUtil.swift in Sources */ = {isa = PBXBuildFile; fileRef = B13B16D12BC2B92C00216B6F /* CharacterUtil.swift */; };
		B13B16D92BC4227800216B6F /* DeviceModel.swift in Sources */ = {isa = PBXBuildFile; fileRef = B13B16D82BC4227800216B6F /* DeviceModel.swift */; };
		B18C6C1C2BC813EC000EF3B6 /* FirebaseAnalytics in Frameworks */ = {isa = PBXBuildFile; productRef = B18C6C1B2BC813EC000EF3B6 /* FirebaseAnalytics */; };
		B18C6C202BC82031000EF3B6 /* GoogleService-Info.plist in Resources */ = {isa = PBXBuildFile; fileRef = B18C6C1F2BC82031000EF3B6 /* GoogleService-Info.plist */; };
		B18C6C252BC823EF000EF3B6 /* FirebaseFirestoreSwift in Frameworks */ = {isa = PBXBuildFile; productRef = B18C6C242BC823EF000EF3B6 /* FirebaseFirestoreSwift */; };
		B18C6C272BC8240A000EF3B6 /* FirebaseFirestore in Frameworks */ = {isa = PBXBuildFile; productRef = B18C6C262BC8240A000EF3B6 /* FirebaseFirestore */; };
		B1E97E132BC82C55005F8DFB /* ChracterDataManager.swift in Sources */ = {isa = PBXBuildFile; fileRef = B1E97E122BC82C55005F8DFB /* ChracterDataManager.swift */; };
		B1E97E152BC8B2CB005F8DFB /* FirebaseAuth in Frameworks */ = {isa = PBXBuildFile; productRef = B1E97E142BC8B2CB005F8DFB /* FirebaseAuth */; };
		B1E97E172BC8B2D2005F8DFB /* FirebaseAnalyticsSwift in Frameworks */ = {isa = PBXBuildFile; productRef = B1E97E162BC8B2D2005F8DFB /* FirebaseAnalyticsSwift */; };
		B1E97E192BC940CD005F8DFB /* TaskDataManager.swift in Sources */ = {isa = PBXBuildFile; fileRef = B1E97E182BC940CD005F8DFB /* TaskDataManager.swift */; };
		B1E97E1B2BC95469005F8DFB /* StartUpView.swift in Sources */ = {isa = PBXBuildFile; fileRef = B1E97E1A2BC95469005F8DFB /* StartUpView.swift */; };
		B1E97E282BE1222E005F8DFB /* TaskAddViewModel.swift in Sources */ = {isa = PBXBuildFile; fileRef = B1E97E272BE1222E005F8DFB /* TaskAddViewModel.swift */; };
		B1E97E2C2BE65E62005F8DFB /* TaskListViewModel.swift in Sources */ = {isa = PBXBuildFile; fileRef = B1E97E2B2BE65E62005F8DFB /* TaskListViewModel.swift */; };
		B1E97E2E2BE898DC005F8DFB /* MainViewModel.swift in Sources */ = {isa = PBXBuildFile; fileRef = B1E97E2D2BE898DC005F8DFB /* MainViewModel.swift */; };
		B1E97E302BEA54C8005F8DFB /* TaskCountViewModel.swift in Sources */ = {isa = PBXBuildFile; fileRef = B1E97E2F2BEA54C8005F8DFB /* TaskCountViewModel.swift */; };
/* End PBXBuildFile section */

/* Begin PBXFileReference section */
		B13B16962BBD99C500216B6F /* habitApp.app */ = {isa = PBXFileReference; explicitFileType = wrapper.application; includeInIndex = 0; name = habitApp.app; path = "/Users/matsudakeisuke/Desktop/clone/habitApp/build/Debug-iphoneos/habitApp.app"; sourceTree = "<absolute>"; };
		B13B16B42BC254AE00216B6F /* TaskListView.swift */ = {isa = PBXFileReference; fileEncoding = 4; lastKnownFileType = sourcecode.swift; path = TaskListView.swift; sourceTree = "<group>"; };
		B13B16B52BC254AE00216B6F /* DateUtil.swift */ = {isa = PBXFileReference; fileEncoding = 4; lastKnownFileType = sourcecode.swift; path = DateUtil.swift; sourceTree = "<group>"; };
		B13B16B62BC254AE00216B6F /* CharacterData.swift */ = {isa = PBXFileReference; fileEncoding = 4; lastKnownFileType = sourcecode.swift; path = CharacterData.swift; sourceTree = "<group>"; };
		B13B16B72BC254AE00216B6F /* Assets.xcassets */ = {isa = PBXFileReference; lastKnownFileType = folder.assetcatalog; path = Assets.xcassets; sourceTree = "<group>"; };
		B13B16B92BC254AE00216B6F /* Preview Assets.xcassets */ = {isa = PBXFileReference; lastKnownFileType = folder.assetcatalog; path = "Preview Assets.xcassets"; sourceTree = "<group>"; };
		B13B16BA2BC254AE00216B6F /* habitAppApp.swift */ = {isa = PBXFileReference; fileEncoding = 4; lastKnownFileType = sourcecode.swift; path = habitAppApp.swift; sourceTree = "<group>"; };
		B13B16BC2BC254AE00216B6F /* TaskData.swift */ = {isa = PBXFileReference; fileEncoding = 4; lastKnownFileType = sourcecode.swift; path = TaskData.swift; sourceTree = "<group>"; };
		B13B16BD2BC254AE00216B6F /* MainView.swift */ = {isa = PBXFileReference; fileEncoding = 4; lastKnownFileType = sourcecode.swift; path = MainView.swift; sourceTree = "<group>"; };
		B13B16C92BC261A000216B6F /* TaskAddView.swift */ = {isa = PBXFileReference; lastKnownFileType = sourcecode.swift; path = TaskAddView.swift; sourceTree = "<group>"; };
		B13B16CB2BC26E4000216B6F /* TaskCountView.swift */ = {isa = PBXFileReference; lastKnownFileType = sourcecode.swift; path = TaskCountView.swift; sourceTree = "<group>"; };
		B13B16CD2BC275FB00216B6F /* CustomModifier.swift */ = {isa = PBXFileReference; lastKnownFileType = sourcecode.swift; path = CustomModifier.swift; sourceTree = "<group>"; };
		B13B16D12BC2B92C00216B6F /* CharacterUtil.swift */ = {isa = PBXFileReference; lastKnownFileType = sourcecode.swift; path = CharacterUtil.swift; sourceTree = "<group>"; };
		B13B16D82BC4227800216B6F /* DeviceModel.swift */ = {isa = PBXFileReference; lastKnownFileType = sourcecode.swift; path = DeviceModel.swift; sourceTree = "<group>"; };
		B18C6C1F2BC82031000EF3B6 /* GoogleService-Info.plist */ = {isa = PBXFileReference; fileEncoding = 4; lastKnownFileType = text.plist.xml; path = "GoogleService-Info.plist"; sourceTree = "<group>"; };
		B1E97E122BC82C55005F8DFB /* ChracterDataManager.swift */ = {isa = PBXFileReference; lastKnownFileType = sourcecode.swift; path = ChracterDataManager.swift; sourceTree = "<group>"; };
		B1E97E182BC940CD005F8DFB /* TaskDataManager.swift */ = {isa = PBXFileReference; lastKnownFileType = sourcecode.swift; path = TaskDataManager.swift; sourceTree = "<group>"; };
		B1E97E1A2BC95469005F8DFB /* StartUpView.swift */ = {isa = PBXFileReference; lastKnownFileType = sourcecode.swift; path = StartUpView.swift; sourceTree = "<group>"; };
		B1E97E272BE1222E005F8DFB /* TaskAddViewModel.swift */ = {isa = PBXFileReference; lastKnownFileType = sourcecode.swift; path = TaskAddViewModel.swift; sourceTree = "<group>"; };
		B1E97E2B2BE65E62005F8DFB /* TaskListViewModel.swift */ = {isa = PBXFileReference; lastKnownFileType = sourcecode.swift; path = TaskListViewModel.swift; sourceTree = "<group>"; };
		B1E97E2D2BE898DC005F8DFB /* MainViewModel.swift */ = {isa = PBXFileReference; lastKnownFileType = sourcecode.swift; path = MainViewModel.swift; sourceTree = "<group>"; };
		B1E97E2F2BEA54C8005F8DFB /* TaskCountViewModel.swift */ = {isa = PBXFileReference; lastKnownFileType = sourcecode.swift; path = TaskCountViewModel.swift; sourceTree = "<group>"; };
/* End PBXFileReference section */

/* Begin PBXFrameworksBuildPhase section */
		B13B16932BBD99C500216B6F /* Frameworks */ = {
			isa = PBXFrameworksBuildPhase;
			buildActionMask = 2147483647;
			files = (
				B18C6C1C2BC813EC000EF3B6 /* FirebaseAnalytics in Frameworks */,
				B18C6C252BC823EF000EF3B6 /* FirebaseFirestoreSwift in Frameworks */,
				B18C6C272BC8240A000EF3B6 /* FirebaseFirestore in Frameworks */,
				B1E97E152BC8B2CB005F8DFB /* FirebaseAuth in Frameworks */,
				B1E97E172BC8B2D2005F8DFB /* FirebaseAnalyticsSwift in Frameworks */,
			);
			runOnlyForDeploymentPostprocessing = 0;
		};
/* End PBXFrameworksBuildPhase section */

/* Begin PBXGroup section */
		B13B168D2BBD99C500216B6F = {
			isa = PBXGroup;
			children = (
				B13B16B32BC254AE00216B6F /* habitApp */,
			);
			sourceTree = "<group>";
		};
		B13B16B32BC254AE00216B6F /* habitApp */ = {
			isa = PBXGroup;
			children = (
				B18C6C1F2BC82031000EF3B6 /* GoogleService-Info.plist */,
				B13B16BA2BC254AE00216B6F /* habitAppApp.swift */,
				B13B16D32BC2BB7600216B6F /* Util */,
				B13B16C82BC2557700216B6F /* View */,
				B13B16C72BC2552100216B6F /* Model */,
				B13B16B72BC254AE00216B6F /* Assets.xcassets */,
				B1E97E262BE120C4005F8DFB /* ViewModel */,
				B13B16B82BC254AE00216B6F /* Preview Content */,
			);
			path = habitApp;
			sourceTree = "<group>";
		};
		B13B16B82BC254AE00216B6F /* Preview Content */ = {
			isa = PBXGroup;
			children = (
				B13B16B92BC254AE00216B6F /* Preview Assets.xcassets */,
			);
			path = "Preview Content";
			sourceTree = "<group>";
		};
		B13B16C72BC2552100216B6F /* Model */ = {
			isa = PBXGroup;
			children = (
				B13B16B62BC254AE00216B6F /* CharacterData.swift */,
				B13B16BC2BC254AE00216B6F /* TaskData.swift */,
				B13B16CD2BC275FB00216B6F /* CustomModifier.swift */,
				B13B16D82BC4227800216B6F /* DeviceModel.swift */,
			);
			path = Model;
			sourceTree = "<group>";
		};
		B13B16C82BC2557700216B6F /* View */ = {
			isa = PBXGroup;
			children = (
				B13B16BD2BC254AE00216B6F /* MainView.swift */,
				B13B16B42BC254AE00216B6F /* TaskListView.swift */,
				B13B16C92BC261A000216B6F /* TaskAddView.swift */,
				B13B16CB2BC26E4000216B6F /* TaskCountView.swift */,
				B1E97E1A2BC95469005F8DFB /* StartUpView.swift */,
			);
			path = View;
			sourceTree = "<group>";
		};
		B13B16D32BC2BB7600216B6F /* Util */ = {
			isa = PBXGroup;
			children = (
				B13B16B52BC254AE00216B6F /* DateUtil.swift */,
				B13B16D12BC2B92C00216B6F /* CharacterUtil.swift */,
				B1E97E182BC940CD005F8DFB /* TaskDataManager.swift */,
				B1E97E122BC82C55005F8DFB /* ChracterDataManager.swift */,
			);
			path = Util;
			sourceTree = "<group>";
		};
		B1E97E262BE120C4005F8DFB /* ViewModel */ = {
			isa = PBXGroup;
			children = (
				B1E97E2D2BE898DC005F8DFB /* MainViewModel.swift */,
				B1E97E2B2BE65E62005F8DFB /* TaskListViewModel.swift */,
				B1E97E272BE1222E005F8DFB /* TaskAddViewModel.swift */,
				B1E97E2F2BEA54C8005F8DFB /* TaskCountViewModel.swift */,
			);
			name = ViewModel;
			sourceTree = "<group>";
		};
/* End PBXGroup section */

/* Begin PBXNativeTarget section */
		B13B16952BBD99C500216B6F /* habitApp */ = {
			isa = PBXNativeTarget;
			buildConfigurationList = B13B16A42BBD99C700216B6F /* Build configuration list for PBXNativeTarget "habitApp" */;
			buildPhases = (
				B13B16922BBD99C500216B6F /* Sources */,
				B13B16932BBD99C500216B6F /* Frameworks */,
				B13B16942BBD99C500216B6F /* Resources */,
			);
			buildRules = (
			);
			dependencies = (
			);
			name = habitApp;
			packageProductDependencies = (
				B18C6C1B2BC813EC000EF3B6 /* FirebaseAnalytics */,
				B18C6C242BC823EF000EF3B6 /* FirebaseFirestoreSwift */,
				B18C6C262BC8240A000EF3B6 /* FirebaseFirestore */,
				B1E97E142BC8B2CB005F8DFB /* FirebaseAuth */,
				B1E97E162BC8B2D2005F8DFB /* FirebaseAnalyticsSwift */,
			);
			productName = habitApp;
			productReference = B13B16962BBD99C500216B6F /* habitApp.app */;
			productType = "com.apple.product-type.application";
		};
/* End PBXNativeTarget section */

/* Begin PBXProject section */
		B13B168E2BBD99C500216B6F /* Project object */ = {
			isa = PBXProject;
			attributes = {
				BuildIndependentTargetsInParallel = 1;
				LastSwiftUpdateCheck = 1430;
				LastUpgradeCheck = 1430;
				TargetAttributes = {
					B13B16952BBD99C500216B6F = {
						CreatedOnToolsVersion = 14.3.1;
					};
				};
			};
			buildConfigurationList = B13B16912BBD99C500216B6F /* Build configuration list for PBXProject "habitApp" */;
			compatibilityVersion = "Xcode 14.0";
			developmentRegion = en;
			hasScannedForEncodings = 0;
			knownRegions = (
				en,
				Base,
			);
			mainGroup = B13B168D2BBD99C500216B6F;
			packageReferences = (
				B18C6C1A2BC80B42000EF3B6 /* XCRemoteSwiftPackageReference "firebase-ios-sdk" */,
			);
			productRefGroup = B13B168D2BBD99C500216B6F;
			projectDirPath = "";
			projectRoot = "";
			targets = (
				B13B16952BBD99C500216B6F /* habitApp */,
			);
		};
/* End PBXProject section */

/* Begin PBXResourcesBuildPhase section */
		B13B16942BBD99C500216B6F /* Resources */ = {
			isa = PBXResourcesBuildPhase;
			buildActionMask = 2147483647;
			files = (
				B13B16C22BC254AE00216B6F /* Preview Assets.xcassets in Resources */,
				B13B16C12BC254AE00216B6F /* Assets.xcassets in Resources */,
				B18C6C202BC82031000EF3B6 /* GoogleService-Info.plist in Resources */,
			);
			runOnlyForDeploymentPostprocessing = 0;
		};
/* End PBXResourcesBuildPhase section */

/* Begin PBXSourcesBuildPhase section */
		B13B16922BBD99C500216B6F /* Sources */ = {
			isa = PBXSourcesBuildPhase;
			buildActionMask = 2147483647;
			files = (
				B13B16C32BC254AE00216B6F /* habitAppApp.swift in Sources */,
				B13B16BE2BC254AE00216B6F /* TaskListView.swift in Sources */,
				B13B16C52BC254AE00216B6F /* TaskData.swift in Sources */,
				B13B16CA2BC261A000216B6F /* TaskAddView.swift in Sources */,
				B13B16D22BC2B92C00216B6F /* CharacterUtil.swift in Sources */,
				B13B16CE2BC275FB00216B6F /* CustomModifier.swift in Sources */,
				B13B16C62BC254AE00216B6F /* MainView.swift in Sources */,
				B1E97E132BC82C55005F8DFB /* ChracterDataManager.swift in Sources */,
				B1E97E2E2BE898DC005F8DFB /* MainViewModel.swift in Sources */,
				B1E97E192BC940CD005F8DFB /* TaskDataManager.swift in Sources */,
				B1E97E1B2BC95469005F8DFB /* StartUpView.swift in Sources */,
				B1E97E282BE1222E005F8DFB /* TaskAddViewModel.swift in Sources */,
				B13B16D92BC4227800216B6F /* DeviceModel.swift in Sources */,
				B13B16BF2BC254AE00216B6F /* DateUtil.swift in Sources */,
				B1E97E2C2BE65E62005F8DFB /* TaskListViewModel.swift in Sources */,
				B13B16C02BC254AE00216B6F /* CharacterData.swift in Sources */,
				B13B16CC2BC26E4000216B6F /* TaskCountView.swift in Sources */,
				B1E97E302BEA54C8005F8DFB /* TaskCountViewModel.swift in Sources */,
			);
			runOnlyForDeploymentPostprocessing = 0;
		};
/* End PBXSourcesBuildPhase section */

/* Begin XCBuildConfiguration section */
		B13B16A22BBD99C700216B6F /* Debug */ = {
			isa = XCBuildConfiguration;
			buildSettings = {
				ALWAYS_SEARCH_USER_PATHS = NO;
				CLANG_ANALYZER_NONNULL = YES;
				CLANG_ANALYZER_NUMBER_OBJECT_CONVERSION = YES_AGGRESSIVE;
				CLANG_CXX_LANGUAGE_STANDARD = "gnu++20";
				CLANG_ENABLE_MODULES = YES;
				CLANG_ENABLE_OBJC_ARC = YES;
				CLANG_ENABLE_OBJC_WEAK = YES;
				CLANG_WARN_BLOCK_CAPTURE_AUTORELEASING = YES;
				CLANG_WARN_BOOL_CONVERSION = YES;
				CLANG_WARN_COMMA = YES;
				CLANG_WARN_CONSTANT_CONVERSION = YES;
				CLANG_WARN_DEPRECATED_OBJC_IMPLEMENTATIONS = YES;
				CLANG_WARN_DIRECT_OBJC_ISA_USAGE = YES_ERROR;
				CLANG_WARN_DOCUMENTATION_COMMENTS = YES;
				CLANG_WARN_EMPTY_BODY = YES;
				CLANG_WARN_ENUM_CONVERSION = YES;
				CLANG_WARN_INFINITE_RECURSION = YES;
				CLANG_WARN_INT_CONVERSION = YES;
				CLANG_WARN_NON_LITERAL_NULL_CONVERSION = YES;
				CLANG_WARN_OBJC_IMPLICIT_RETAIN_SELF = YES;
				CLANG_WARN_OBJC_LITERAL_CONVERSION = YES;
				CLANG_WARN_OBJC_ROOT_CLASS = YES_ERROR;
				CLANG_WARN_QUOTED_INCLUDE_IN_FRAMEWORK_HEADER = YES;
				CLANG_WARN_RANGE_LOOP_ANALYSIS = YES;
				CLANG_WARN_STRICT_PROTOTYPES = YES;
				CLANG_WARN_SUSPICIOUS_MOVE = YES;
				CLANG_WARN_UNGUARDED_AVAILABILITY = YES_AGGRESSIVE;
				CLANG_WARN_UNREACHABLE_CODE = YES;
				CLANG_WARN__DUPLICATE_METHOD_MATCH = YES;
				COPY_PHASE_STRIP = NO;
				DEBUG_INFORMATION_FORMAT = dwarf;
				ENABLE_STRICT_OBJC_MSGSEND = YES;
				ENABLE_TESTABILITY = YES;
				GCC_C_LANGUAGE_STANDARD = gnu11;
				GCC_DYNAMIC_NO_PIC = NO;
				GCC_NO_COMMON_BLOCKS = YES;
				GCC_OPTIMIZATION_LEVEL = 0;
				GCC_PREPROCESSOR_DEFINITIONS = (
					"DEBUG=1",
					"$(inherited)",
				);
				GCC_WARN_64_TO_32_BIT_CONVERSION = YES;
				GCC_WARN_ABOUT_RETURN_TYPE = YES_ERROR;
				GCC_WARN_UNDECLARED_SELECTOR = YES;
				GCC_WARN_UNINITIALIZED_AUTOS = YES_AGGRESSIVE;
				GCC_WARN_UNUSED_FUNCTION = YES;
				GCC_WARN_UNUSED_VARIABLE = YES;
				IPHONEOS_DEPLOYMENT_TARGET = 16.4;
				MTL_ENABLE_DEBUG_INFO = INCLUDE_SOURCE;
				MTL_FAST_MATH = YES;
				ONLY_ACTIVE_ARCH = YES;
				SDKROOT = iphoneos;
				SWIFT_ACTIVE_COMPILATION_CONDITIONS = DEBUG;
				SWIFT_OPTIMIZATION_LEVEL = "-Onone";
			};
			name = Debug;
		};
		B13B16A32BBD99C700216B6F /* Release */ = {
			isa = XCBuildConfiguration;
			buildSettings = {
				ALWAYS_SEARCH_USER_PATHS = NO;
				CLANG_ANALYZER_NONNULL = YES;
				CLANG_ANALYZER_NUMBER_OBJECT_CONVERSION = YES_AGGRESSIVE;
				CLANG_CXX_LANGUAGE_STANDARD = "gnu++20";
				CLANG_ENABLE_MODULES = YES;
				CLANG_ENABLE_OBJC_ARC = YES;
				CLANG_ENABLE_OBJC_WEAK = YES;
				CLANG_WARN_BLOCK_CAPTURE_AUTORELEASING = YES;
				CLANG_WARN_BOOL_CONVERSION = YES;
				CLANG_WARN_COMMA = YES;
				CLANG_WARN_CONSTANT_CONVERSION = YES;
				CLANG_WARN_DEPRECATED_OBJC_IMPLEMENTATIONS = YES;
				CLANG_WARN_DIRECT_OBJC_ISA_USAGE = YES_ERROR;
				CLANG_WARN_DOCUMENTATION_COMMENTS = YES;
				CLANG_WARN_EMPTY_BODY = YES;
				CLANG_WARN_ENUM_CONVERSION = YES;
				CLANG_WARN_INFINITE_RECURSION = YES;
				CLANG_WARN_INT_CONVERSION = YES;
				CLANG_WARN_NON_LITERAL_NULL_CONVERSION = YES;
				CLANG_WARN_OBJC_IMPLICIT_RETAIN_SELF = YES;
				CLANG_WARN_OBJC_LITERAL_CONVERSION = YES;
				CLANG_WARN_OBJC_ROOT_CLASS = YES_ERROR;
				CLANG_WARN_QUOTED_INCLUDE_IN_FRAMEWORK_HEADER = YES;
				CLANG_WARN_RANGE_LOOP_ANALYSIS = YES;
				CLANG_WARN_STRICT_PROTOTYPES = YES;
				CLANG_WARN_SUSPICIOUS_MOVE = YES;
				CLANG_WARN_UNGUARDED_AVAILABILITY = YES_AGGRESSIVE;
				CLANG_WARN_UNREACHABLE_CODE = YES;
				CLANG_WARN__DUPLICATE_METHOD_MATCH = YES;
				COPY_PHASE_STRIP = NO;
				DEBUG_INFORMATION_FORMAT = "dwarf-with-dsym";
				ENABLE_NS_ASSERTIONS = NO;
				ENABLE_STRICT_OBJC_MSGSEND = YES;
				GCC_C_LANGUAGE_STANDARD = gnu11;
				GCC_NO_COMMON_BLOCKS = YES;
				GCC_WARN_64_TO_32_BIT_CONVERSION = YES;
				GCC_WARN_ABOUT_RETURN_TYPE = YES_ERROR;
				GCC_WARN_UNDECLARED_SELECTOR = YES;
				GCC_WARN_UNINITIALIZED_AUTOS = YES_AGGRESSIVE;
				GCC_WARN_UNUSED_FUNCTION = YES;
				GCC_WARN_UNUSED_VARIABLE = YES;
				IPHONEOS_DEPLOYMENT_TARGET = 16.4;
				MTL_ENABLE_DEBUG_INFO = NO;
				MTL_FAST_MATH = YES;
				SDKROOT = iphoneos;
				SWIFT_COMPILATION_MODE = wholemodule;
				SWIFT_OPTIMIZATION_LEVEL = "-O";
				VALIDATE_PRODUCT = YES;
			};
			name = Release;
		};
		B13B16A52BBD99C700216B6F /* Debug */ = {
			isa = XCBuildConfiguration;
			buildSettings = {
				ASSETCATALOG_COMPILER_APPICON_NAME = AppIcon;
				ASSETCATALOG_COMPILER_GLOBAL_ACCENT_COLOR_NAME = AccentColor;
				CODE_SIGN_STYLE = Automatic;
				CURRENT_PROJECT_VERSION = 1;
				DEVELOPMENT_ASSET_PATHS = "\"habitApp/Preview Content\"";
				DEVELOPMENT_TEAM = 4Z85V5P4A2;
				ENABLE_PREVIEWS = YES;
				GENERATE_INFOPLIST_FILE = YES;
				INFOPLIST_KEY_UIApplicationSceneManifest_Generation = YES;
				INFOPLIST_KEY_UIApplicationSupportsIndirectInputEvents = YES;
				INFOPLIST_KEY_UILaunchScreen_Generation = YES;
				INFOPLIST_KEY_UISupportedInterfaceOrientations_iPad = "UIInterfaceOrientationPortrait UIInterfaceOrientationPortraitUpsideDown UIInterfaceOrientationLandscapeLeft UIInterfaceOrientationLandscapeRight";
				INFOPLIST_KEY_UISupportedInterfaceOrientations_iPhone = "UIInterfaceOrientationPortrait UIInterfaceOrientationLandscapeLeft UIInterfaceOrientationLandscapeRight";
				LD_RUNPATH_SEARCH_PATHS = (
					"$(inherited)",
					"@executable_path/Frameworks",
				);
				MARKETING_VERSION = 1.0;
				PRODUCT_BUNDLE_IDENTIFIER = com.damatsu.habitApp;
				PRODUCT_NAME = "$(TARGET_NAME)";
				SWIFT_EMIT_LOC_STRINGS = YES;
				SWIFT_VERSION = 5.0;
				TARGETED_DEVICE_FAMILY = "1,2";
			};
			name = Debug;
		};
		B13B16A62BBD99C700216B6F /* Release */ = {
			isa = XCBuildConfiguration;
			buildSettings = {
				ASSETCATALOG_COMPILER_APPICON_NAME = AppIcon;
				ASSETCATALOG_COMPILER_GLOBAL_ACCENT_COLOR_NAME = AccentColor;
				CODE_SIGN_STYLE = Automatic;
				CURRENT_PROJECT_VERSION = 1;
				DEVELOPMENT_ASSET_PATHS = "\"habitApp/Preview Content\"";
				DEVELOPMENT_TEAM = 4Z85V5P4A2;
				ENABLE_PREVIEWS = YES;
				GENERATE_INFOPLIST_FILE = YES;
				INFOPLIST_KEY_UIApplicationSceneManifest_Generation = YES;
				INFOPLIST_KEY_UIApplicationSupportsIndirectInputEvents = YES;
				INFOPLIST_KEY_UILaunchScreen_Generation = YES;
				INFOPLIST_KEY_UISupportedInterfaceOrientations_iPad = "UIInterfaceOrientationPortrait UIInterfaceOrientationPortraitUpsideDown UIInterfaceOrientationLandscapeLeft UIInterfaceOrientationLandscapeRight";
				INFOPLIST_KEY_UISupportedInterfaceOrientations_iPhone = "UIInterfaceOrientationPortrait UIInterfaceOrientationLandscapeLeft UIInterfaceOrientationLandscapeRight";
				LD_RUNPATH_SEARCH_PATHS = (
					"$(inherited)",
					"@executable_path/Frameworks",
				);
				MARKETING_VERSION = 1.0;
				PRODUCT_BUNDLE_IDENTIFIER = com.damatsu.habitApp;
				PRODUCT_NAME = "$(TARGET_NAME)";
				SWIFT_EMIT_LOC_STRINGS = YES;
				SWIFT_VERSION = 5.0;
				TARGETED_DEVICE_FAMILY = "1,2";
			};
			name = Release;
		};
/* End XCBuildConfiguration section */

/* Begin XCConfigurationList section */
		B13B16912BBD99C500216B6F /* Build configuration list for PBXProject "habitApp" */ = {
			isa = XCConfigurationList;
			buildConfigurations = (
				B13B16A22BBD99C700216B6F /* Debug */,
				B13B16A32BBD99C700216B6F /* Release */,
			);
			defaultConfigurationIsVisible = 0;
			defaultConfigurationName = Release;
		};
		B13B16A42BBD99C700216B6F /* Build configuration list for PBXNativeTarget "habitApp" */ = {
			isa = XCConfigurationList;
			buildConfigurations = (
				B13B16A52BBD99C700216B6F /* Debug */,
				B13B16A62BBD99C700216B6F /* Release */,
			);
			defaultConfigurationIsVisible = 0;
			defaultConfigurationName = Release;
		};
/* End XCConfigurationList section */

/* Begin XCRemoteSwiftPackageReference section */
		B18C6C1A2BC80B42000EF3B6 /* XCRemoteSwiftPackageReference "firebase-ios-sdk" */ = {
			isa = XCRemoteSwiftPackageReference;
			repositoryURL = "https://github.com/firebase/firebase-ios-sdk.git";
			requirement = {
				kind = upToNextMajorVersion;
				minimumVersion = 10.24.0;
			};
		};
/* End XCRemoteSwiftPackageReference section */

/* Begin XCSwiftPackageProductDependency section */
		B18C6C1B2BC813EC000EF3B6 /* FirebaseAnalytics */ = {
			isa = XCSwiftPackageProductDependency;
			package = B18C6C1A2BC80B42000EF3B6 /* XCRemoteSwiftPackageReference "firebase-ios-sdk" */;
			productName = FirebaseAnalytics;
		};
		B18C6C242BC823EF000EF3B6 /* FirebaseFirestoreSwift */ = {
			isa = XCSwiftPackageProductDependency;
			package = B18C6C1A2BC80B42000EF3B6 /* XCRemoteSwiftPackageReference "firebase-ios-sdk" */;
			productName = FirebaseFirestoreSwift;
		};
		B18C6C262BC8240A000EF3B6 /* FirebaseFirestore */ = {
			isa = XCSwiftPackageProductDependency;
			package = B18C6C1A2BC80B42000EF3B6 /* XCRemoteSwiftPackageReference "firebase-ios-sdk" */;
			productName = FirebaseFirestore;
		};
		B1E97E142BC8B2CB005F8DFB /* FirebaseAuth */ = {
			isa = XCSwiftPackageProductDependency;
			package = B18C6C1A2BC80B42000EF3B6 /* XCRemoteSwiftPackageReference "firebase-ios-sdk" */;
			productName = FirebaseAuth;
		};
		B1E97E162BC8B2D2005F8DFB /* FirebaseAnalyticsSwift */ = {
			isa = XCSwiftPackageProductDependency;
			package = B18C6C1A2BC80B42000EF3B6 /* XCRemoteSwiftPackageReference "firebase-ios-sdk" */;
			productName = FirebaseAnalyticsSwift;
		};
/* End XCSwiftPackageProductDependency section */
	};
	rootObject = B13B168E2BBD99C500216B6F /* Project object */;
}
