// !$*UTF8*$!
{
	archiveVersion = 1;
	classes = {
	};
	objectVersion = 56;
	objects = {

/* Begin PBXBuildFile section */
		B13B16BE2BC254AE00216B6F /* TaskListView.swift in Sources */ = {isa = PBXBuildFile; fileRef = B13B16B42BC254AE00216B6F /* TaskListView.swift */; };
		B13B16BF2BC254AE00216B6F /* DateUtil.swift in Sources */ = {isa = PBXBuildFile; fileRef = B13B16B52BC254AE00216B6F /* DateUtil.swift */; };
		B13B16C02BC254AE00216B6F /* CharacterData.swift in Sources */ = {isa = PBXBuildFile; fileRef = B13B16B62BC254AE00216B6F /* CharacterData.swift */; };
		B13B16C12BC254AE00216B6F /* Assets.xcassets in Resources */ = {isa = PBXBuildFile; fileRef = B13B16B72BC254AE00216B6F /* Assets.xcassets */; };
		B13B16C22BC254AE00216B6F /* Preview Assets.xcassets in Resources */ = {isa = PBXBuildFile; fileRef = B13B16B92BC254AE00216B6F /* Preview Assets.xcassets */; };
		B13B16C32BC254AE00216B6F /* habitAppApp.swift in Sources */ = {isa = PBXBuildFile; fileRef = B13B16BA2BC254AE00216B6F /* habitAppApp.swift */; };
		B13B16C42BC254AE00216B6F /* TaskManager.swift in Sources */ = {isa = PBXBuildFile; fileRef = B13B16BB2BC254AE00216B6F /* TaskManager.swift */; };
		B13B16C52BC254AE00216B6F /* TaskData.swift in Sources */ = {isa = PBXBuildFile; fileRef = B13B16BC2BC254AE00216B6F /* TaskData.swift */; };
		B13B16C62BC254AE00216B6F /* ContentView.swift in Sources */ = {isa = PBXBuildFile; fileRef = B13B16BD2BC254AE00216B6F /* ContentView.swift */; };
		B13B16CA2BC261A000216B6F /* TaskAddView.swift in Sources */ = {isa = PBXBuildFile; fileRef = B13B16C92BC261A000216B6F /* TaskAddView.swift */; };
		B13B16CC2BC26E4000216B6F /* TaskCountView.swift in Sources */ = {isa = PBXBuildFile; fileRef = B13B16CB2BC26E4000216B6F /* TaskCountView.swift */; };
		B13B16CE2BC275FB00216B6F /* CustomModifier.swift in Sources */ = {isa = PBXBuildFile; fileRef = B13B16CD2BC275FB00216B6F /* CustomModifier.swift */; };
		B13B16D02BC2B0DD00216B6F /* CharacterManager.swift in Sources */ = {isa = PBXBuildFile; fileRef = B13B16CF2BC2B0DD00216B6F /* CharacterManager.swift */; };
		B13B16D22BC2B92C00216B6F /* CharacterUtil.swift in Sources */ = {isa = PBXBuildFile; fileRef = B13B16D12BC2B92C00216B6F /* CharacterUtil.swift */; };
		B13B16D52BC2BD2D00216B6F /* ObservalObject.swift in Sources */ = {isa = PBXBuildFile; fileRef = B13B16D42BC2BD2D00216B6F /* ObservalObject.swift */; };
/* End PBXBuildFile section */

/* Begin PBXFileReference section */
		B13B16962BBD99C500216B6F /* habitApp.app */ = {isa = PBXFileReference; explicitFileType = wrapper.application; includeInIndex = 0; path = habitApp.app; sourceTree = BUILT_PRODUCTS_DIR; };
		B13B16B42BC254AE00216B6F /* TaskListView.swift */ = {isa = PBXFileReference; fileEncoding = 4; lastKnownFileType = sourcecode.swift; path = TaskListView.swift; sourceTree = "<group>"; };
		B13B16B52BC254AE00216B6F /* DateUtil.swift */ = {isa = PBXFileReference; fileEncoding = 4; lastKnownFileType = sourcecode.swift; path = DateUtil.swift; sourceTree = "<group>"; };
		B13B16B62BC254AE00216B6F /* CharacterData.swift */ = {isa = PBXFileReference; fileEncoding = 4; lastKnownFileType = sourcecode.swift; path = CharacterData.swift; sourceTree = "<group>"; };
		B13B16B72BC254AE00216B6F /* Assets.xcassets */ = {isa = PBXFileReference; lastKnownFileType = folder.assetcatalog; path = Assets.xcassets; sourceTree = "<group>"; };
		B13B16B92BC254AE00216B6F /* Preview Assets.xcassets */ = {isa = PBXFileReference; lastKnownFileType = folder.assetcatalog; path = "Preview Assets.xcassets"; sourceTree = "<group>"; };
		B13B16BA2BC254AE00216B6F /* habitAppApp.swift */ = {isa = PBXFileReference; fileEncoding = 4; lastKnownFileType = sourcecode.swift; path = habitAppApp.swift; sourceTree = "<group>"; };
		B13B16BB2BC254AE00216B6F /* TaskManager.swift */ = {isa = PBXFileReference; fileEncoding = 4; lastKnownFileType = sourcecode.swift; path = TaskManager.swift; sourceTree = "<group>"; };
		B13B16BC2BC254AE00216B6F /* TaskData.swift */ = {isa = PBXFileReference; fileEncoding = 4; lastKnownFileType = sourcecode.swift; path = TaskData.swift; sourceTree = "<group>"; };
		B13B16BD2BC254AE00216B6F /* ContentView.swift */ = {isa = PBXFileReference; fileEncoding = 4; lastKnownFileType = sourcecode.swift; path = ContentView.swift; sourceTree = "<group>"; };
		B13B16C92BC261A000216B6F /* TaskAddView.swift */ = {isa = PBXFileReference; lastKnownFileType = sourcecode.swift; path = TaskAddView.swift; sourceTree = "<group>"; };
		B13B16CB2BC26E4000216B6F /* TaskCountView.swift */ = {isa = PBXFileReference; lastKnownFileType = sourcecode.swift; path = TaskCountView.swift; sourceTree = "<group>"; };
		B13B16CD2BC275FB00216B6F /* CustomModifier.swift */ = {isa = PBXFileReference; lastKnownFileType = sourcecode.swift; path = CustomModifier.swift; sourceTree = "<group>"; };
		B13B16CF2BC2B0DD00216B6F /* CharacterManager.swift */ = {isa = PBXFileReference; lastKnownFileType = sourcecode.swift; path = CharacterManager.swift; sourceTree = "<group>"; };
		B13B16D12BC2B92C00216B6F /* CharacterUtil.swift */ = {isa = PBXFileReference; lastKnownFileType = sourcecode.swift; path = CharacterUtil.swift; sourceTree = "<group>"; };
		B13B16D42BC2BD2D00216B6F /* ObservalObject.swift */ = {isa = PBXFileReference; lastKnownFileType = sourcecode.swift; path = ObservalObject.swift; sourceTree = "<group>"; };
/* End PBXFileReference section */

/* Begin PBXFrameworksBuildPhase section */
		B13B16932BBD99C500216B6F /* Frameworks */ = {
			isa = PBXFrameworksBuildPhase;
			buildActionMask = 2147483647;
			files = (
			);
			runOnlyForDeploymentPostprocessing = 0;
		};
/* End PBXFrameworksBuildPhase section */

/* Begin PBXGroup section */
		B13B168D2BBD99C500216B6F = {
			isa = PBXGroup;
			children = (
				B13B16B32BC254AE00216B6F /* habitApp */,
				B13B16972BBD99C500216B6F /* Products */,
			);
			sourceTree = "<group>";
		};
		B13B16972BBD99C500216B6F /* Products */ = {
			isa = PBXGroup;
			children = (
				B13B16962BBD99C500216B6F /* habitApp.app */,
			);
			name = Products;
			sourceTree = "<group>";
		};
		B13B16B32BC254AE00216B6F /* habitApp */ = {
			isa = PBXGroup;
			children = (
				B13B16BA2BC254AE00216B6F /* habitAppApp.swift */,
				B13B16D32BC2BB7600216B6F /* Util */,
				B13B16C82BC2557700216B6F /* View */,
				B13B16C72BC2552100216B6F /* Model */,
				B13B16B72BC254AE00216B6F /* Assets.xcassets */,
				B13B16B82BC254AE00216B6F /* Preview Content */,
			);
			path = habitApp;
			sourceTree = "<group>";
		};
		B13B16B82BC254AE00216B6F /* Preview Content */ = {
			isa = PBXGroup;
			children = (
				B13B16B92BC254AE00216B6F /* Preview Assets.xcassets */,
			);
			path = "Preview Content";
			sourceTree = "<group>";
		};
		B13B16C72BC2552100216B6F /* Model */ = {
			isa = PBXGroup;
			children = (
				B13B16BB2BC254AE00216B6F /* TaskManager.swift */,
				B13B16CF2BC2B0DD00216B6F /* CharacterManager.swift */,
				B13B16B62BC254AE00216B6F /* CharacterData.swift */,
				B13B16BC2BC254AE00216B6F /* TaskData.swift */,
				B13B16CD2BC275FB00216B6F /* CustomModifier.swift */,
				B13B16D42BC2BD2D00216B6F /* ObservalObject.swift */,
			);
			path = Model;
			sourceTree = "<group>";
		};
		B13B16C82BC2557700216B6F /* View */ = {
			isa = PBXGroup;
			children = (
				B13B16BD2BC254AE00216B6F /* ContentView.swift */,
				B13B16B42BC254AE00216B6F /* TaskListView.swift */,
				B13B16C92BC261A000216B6F /* TaskAddView.swift */,
				B13B16CB2BC26E4000216B6F /* TaskCountView.swift */,
			);
			path = View;
			sourceTree = "<group>";
		};
		B13B16D32BC2BB7600216B6F /* Util */ = {
			isa = PBXGroup;
			children = (
				B13B16B52BC254AE00216B6F /* DateUtil.swift */,
				B13B16D12BC2B92C00216B6F /* CharacterUtil.swift */,
			);
			path = Util;
			sourceTree = "<group>";
		};
/* End PBXGroup section */

/* Begin PBXNativeTarget section */
		B13B16952BBD99C500216B6F /* habitApp */ = {
			isa = PBXNativeTarget;
			buildConfigurationList = B13B16A42BBD99C700216B6F /* Build configuration list for PBXNativeTarget "habitApp" */;
			buildPhases = (
				B13B16922BBD99C500216B6F /* Sources */,
				B13B16932BBD99C500216B6F /* Frameworks */,
				B13B16942BBD99C500216B6F /* Resources */,
			);
			buildRules = (
			);
			dependencies = (
			);
			name = habitApp;
			productName = habitApp;
			productReference = B13B16962BBD99C500216B6F /* habitApp.app */;
			productType = "com.apple.product-type.application";
		};
/* End PBXNativeTarget section */

/* Begin PBXProject section */
		B13B168E2BBD99C500216B6F /* Project object */ = {
			isa = PBXProject;
			attributes = {
				BuildIndependentTargetsInParallel = 1;
				LastSwiftUpdateCheck = 1430;
				LastUpgradeCheck = 1430;
				TargetAttributes = {
					B13B16952BBD99C500216B6F = {
						CreatedOnToolsVersion = 14.3.1;
					};
				};
			};
			buildConfigurationList = B13B16912BBD99C500216B6F /* Build configuration list for PBXProject "habitApp" */;
			compatibilityVersion = "Xcode 14.0";
			developmentRegion = en;
			hasScannedForEncodings = 0;
			knownRegions = (
				en,
				Base,
			);
			mainGroup = B13B168D2BBD99C500216B6F;
			productRefGroup = B13B16972BBD99C500216B6F /* Products */;
			projectDirPath = "";
			projectRoot = "";
			targets = (
				B13B16952BBD99C500216B6F /* habitApp */,
			);
		};
/* End PBXProject section */

/* Begin PBXResourcesBuildPhase section */
		B13B16942BBD99C500216B6F /* Resources */ = {
			isa = PBXResourcesBuildPhase;
			buildActionMask = 2147483647;
			files = (
				B13B16C22BC254AE00216B6F /* Preview Assets.xcassets in Resources */,
				B13B16C12BC254AE00216B6F /* Assets.xcassets in Resources */,
			);
			runOnlyForDeploymentPostprocessing = 0;
		};
/* End PBXResourcesBuildPhase section */

/* Begin PBXSourcesBuildPhase section */
		B13B16922BBD99C500216B6F /* Sources */ = {
			isa = PBXSourcesBuildPhase;
			buildActionMask = 2147483647;
			files = (
				B13B16C32BC254AE00216B6F /* habitAppApp.swift in Sources */,
				B13B16BE2BC254AE00216B6F /* TaskListView.swift in Sources */,
				B13B16C52BC254AE00216B6F /* TaskData.swift in Sources */,
				B13B16CA2BC261A000216B6F /* TaskAddView.swift in Sources */,
				B13B16C42BC254AE00216B6F /* TaskManager.swift in Sources */,
				B13B16D22BC2B92C00216B6F /* CharacterUtil.swift in Sources */,
				B13B16CE2BC275FB00216B6F /* CustomModifier.swift in Sources */,
				B13B16C62BC254AE00216B6F /* ContentView.swift in Sources */,
				B13B16D52BC2BD2D00216B6F /* ObservalObject.swift in Sources */,
				B13B16D02BC2B0DD00216B6F /* CharacterManager.swift in Sources */,
				B13B16BF2BC254AE00216B6F /* DateUtil.swift in Sources */,
				B13B16C02BC254AE00216B6F /* CharacterData.swift in Sources */,
				B13B16CC2BC26E4000216B6F /* TaskCountView.swift in Sources */,
			);
			runOnlyForDeploymentPostprocessing = 0;
		};
/* End PBXSourcesBuildPhase section */

/* Begin XCBuildConfiguration section */
		B13B16A22BBD99C700216B6F /* Debug */ = {
			isa = XCBuildConfiguration;
			buildSettings = {
				ALWAYS_SEARCH_USER_PATHS = NO;
				CLANG_ANALYZER_NONNULL = YES;
				CLANG_ANALYZER_NUMBER_OBJECT_CONVERSION = YES_AGGRESSIVE;
				CLANG_CXX_LANGUAGE_STANDARD = "gnu++20";
				CLANG_ENABLE_MODULES = YES;
				CLANG_ENABLE_OBJC_ARC = YES;
				CLANG_ENABLE_OBJC_WEAK = YES;
				CLANG_WARN_BLOCK_CAPTURE_AUTORELEASING = YES;
				CLANG_WARN_BOOL_CONVERSION = YES;
				CLANG_WARN_COMMA = YES;
				CLANG_WARN_CONSTANT_CONVERSION = YES;
				CLANG_WARN_DEPRECATED_OBJC_IMPLEMENTATIONS = YES;
				CLANG_WARN_DIRECT_OBJC_ISA_USAGE = YES_ERROR;
				CLANG_WARN_DOCUMENTATION_COMMENTS = YES;
				CLANG_WARN_EMPTY_BODY = YES;
				CLANG_WARN_ENUM_CONVERSION = YES;
				CLANG_WARN_INFINITE_RECURSION = YES;
				CLANG_WARN_INT_CONVERSION = YES;
				CLANG_WARN_NON_LITERAL_NULL_CONVERSION = YES;
				CLANG_WARN_OBJC_IMPLICIT_RETAIN_SELF = YES;
				CLANG_WARN_OBJC_LITERAL_CONVERSION = YES;
				CLANG_WARN_OBJC_ROOT_CLASS = YES_ERROR;
				CLANG_WARN_QUOTED_INCLUDE_IN_FRAMEWORK_HEADER = YES;
				CLANG_WARN_RANGE_LOOP_ANALYSIS = YES;
				CLANG_WARN_STRICT_PROTOTYPES = YES;
				CLANG_WARN_SUSPICIOUS_MOVE = YES;
				CLANG_WARN_UNGUARDED_AVAILABILITY = YES_AGGRESSIVE;
				CLANG_WARN_UNREACHABLE_CODE = YES;
				CLANG_WARN__DUPLICATE_METHOD_MATCH = YES;
				COPY_PHASE_STRIP = NO;
				DEBUG_INFORMATION_FORMAT = dwarf;
				ENABLE_STRICT_OBJC_MSGSEND = YES;
				ENABLE_TESTABILITY = YES;
				GCC_C_LANGUAGE_STANDARD = gnu11;
				GCC_DYNAMIC_NO_PIC = NO;
				GCC_NO_COMMON_BLOCKS = YES;
				GCC_OPTIMIZATION_LEVEL = 0;
				GCC_PREPROCESSOR_DEFINITIONS = (
					"DEBUG=1",
					"$(inherited)",
				);
				GCC_WARN_64_TO_32_BIT_CONVERSION = YES;
				GCC_WARN_ABOUT_RETURN_TYPE = YES_ERROR;
				GCC_WARN_UNDECLARED_SELECTOR = YES;
				GCC_WARN_UNINITIALIZED_AUTOS = YES_AGGRESSIVE;
				GCC_WARN_UNUSED_FUNCTION = YES;
				GCC_WARN_UNUSED_VARIABLE = YES;
				IPHONEOS_DEPLOYMENT_TARGET = 16.4;
				MTL_ENABLE_DEBUG_INFO = INCLUDE_SOURCE;
				MTL_FAST_MATH = YES;
				ONLY_ACTIVE_ARCH = YES;
				SDKROOT = iphoneos;
				SWIFT_ACTIVE_COMPILATION_CONDITIONS = DEBUG;
				SWIFT_OPTIMIZATION_LEVEL = "-Onone";
			};
			name = Debug;
		};
		B13B16A32BBD99C700216B6F /* Release */ = {
			isa = XCBuildConfiguration;
			buildSettings = {
				ALWAYS_SEARCH_USER_PATHS = NO;
				CLANG_ANALYZER_NONNULL = YES;
				CLANG_ANALYZER_NUMBER_OBJECT_CONVERSION = YES_AGGRESSIVE;
				CLANG_CXX_LANGUAGE_STANDARD = "gnu++20";
				CLANG_ENABLE_MODULES = YES;
				CLANG_ENABLE_OBJC_ARC = YES;
				CLANG_ENABLE_OBJC_WEAK = YES;
				CLANG_WARN_BLOCK_CAPTURE_AUTORELEASING = YES;
				CLANG_WARN_BOOL_CONVERSION = YES;
				CLANG_WARN_COMMA = YES;
				CLANG_WARN_CONSTANT_CONVERSION = YES;
				CLANG_WARN_DEPRECATED_OBJC_IMPLEMENTATIONS = YES;
				CLANG_WARN_DIRECT_OBJC_ISA_USAGE = YES_ERROR;
				CLANG_WARN_DOCUMENTATION_COMMENTS = YES;
				CLANG_WARN_EMPTY_BODY = YES;
				CLANG_WARN_ENUM_CONVERSION = YES;
				CLANG_WARN_INFINITE_RECURSION = YES;
				CLANG_WARN_INT_CONVERSION = YES;
				CLANG_WARN_NON_LITERAL_NULL_CONVERSION = YES;
				CLANG_WARN_OBJC_IMPLICIT_RETAIN_SELF = YES;
				CLANG_WARN_OBJC_LITERAL_CONVERSION = YES;
				CLANG_WARN_OBJC_ROOT_CLASS = YES_ERROR;
				CLANG_WARN_QUOTED_INCLUDE_IN_FRAMEWORK_HEADER = YES;
				CLANG_WARN_RANGE_LOOP_ANALYSIS = YES;
				CLANG_WARN_STRICT_PROTOTYPES = YES;
				CLANG_WARN_SUSPICIOUS_MOVE = YES;
				CLANG_WARN_UNGUARDED_AVAILABILITY = YES_AGGRESSIVE;
				CLANG_WARN_UNREACHABLE_CODE = YES;
				CLANG_WARN__DUPLICATE_METHOD_MATCH = YES;
				COPY_PHASE_STRIP = NO;
				DEBUG_INFORMATION_FORMAT = "dwarf-with-dsym";
				ENABLE_NS_ASSERTIONS = NO;
				ENABLE_STRICT_OBJC_MSGSEND = YES;
				GCC_C_LANGUAGE_STANDARD = gnu11;
				GCC_NO_COMMON_BLOCKS = YES;
				GCC_WARN_64_TO_32_BIT_CONVERSION = YES;
				GCC_WARN_ABOUT_RETURN_TYPE = YES_ERROR;
				GCC_WARN_UNDECLARED_SELECTOR = YES;
				GCC_WARN_UNINITIALIZED_AUTOS = YES_AGGRESSIVE;
				GCC_WARN_UNUSED_FUNCTION = YES;
				GCC_WARN_UNUSED_VARIABLE = YES;
				IPHONEOS_DEPLOYMENT_TARGET = 16.4;
				MTL_ENABLE_DEBUG_INFO = NO;
				MTL_FAST_MATH = YES;
				SDKROOT = iphoneos;
				SWIFT_COMPILATION_MODE = wholemodule;
				SWIFT_OPTIMIZATION_LEVEL = "-O";
				VALIDATE_PRODUCT = YES;
			};
			name = Release;
		};
		B13B16A52BBD99C700216B6F /* Debug */ = {
			isa = XCBuildConfiguration;
			buildSettings = {
				ASSETCATALOG_COMPILER_APPICON_NAME = AppIcon;
				ASSETCATALOG_COMPILER_GLOBAL_ACCENT_COLOR_NAME = AccentColor;
				CODE_SIGN_STYLE = Automatic;
				CURRENT_PROJECT_VERSION = 1;
				DEVELOPMENT_ASSET_PATHS = "\"habitApp/Preview Content\"";
				DEVELOPMENT_TEAM = 4Z85V5P4A2;
				ENABLE_PREVIEWS = YES;
				GENERATE_INFOPLIST_FILE = YES;
				INFOPLIST_KEY_UIApplicationSceneManifest_Generation = YES;
				INFOPLIST_KEY_UIApplicationSupportsIndirectInputEvents = YES;
				INFOPLIST_KEY_UILaunchScreen_Generation = YES;
				INFOPLIST_KEY_UISupportedInterfaceOrientations_iPad = "UIInterfaceOrientationPortrait UIInterfaceOrientationPortraitUpsideDown UIInterfaceOrientationLandscapeLeft UIInterfaceOrientationLandscapeRight";
				INFOPLIST_KEY_UISupportedInterfaceOrientations_iPhone = "UIInterfaceOrientationPortrait UIInterfaceOrientationLandscapeLeft UIInterfaceOrientationLandscapeRight";
				LD_RUNPATH_SEARCH_PATHS = (
					"$(inherited)",
					"@executable_path/Frameworks",
				);
				MARKETING_VERSION = 1.0;
				PRODUCT_BUNDLE_IDENTIFIER = com.damatsu.habitApp;
				PRODUCT_NAME = "$(TARGET_NAME)";
				SWIFT_EMIT_LOC_STRINGS = YES;
				SWIFT_VERSION = 5.0;
				TARGETED_DEVICE_FAMILY = "1,2";
			};
			name = Debug;
		};
		B13B16A62BBD99C700216B6F /* Release */ = {
			isa = XCBuildConfiguration;
			buildSettings = {
				ASSETCATALOG_COMPILER_APPICON_NAME = AppIcon;
				ASSETCATALOG_COMPILER_GLOBAL_ACCENT_COLOR_NAME = AccentColor;
				CODE_SIGN_STYLE = Automatic;
				CURRENT_PROJECT_VERSION = 1;
				DEVELOPMENT_ASSET_PATHS = "\"habitApp/Preview Content\"";
				DEVELOPMENT_TEAM = 4Z85V5P4A2;
				ENABLE_PREVIEWS = YES;
				GENERATE_INFOPLIST_FILE = YES;
				INFOPLIST_KEY_UIApplicationSceneManifest_Generation = YES;
				INFOPLIST_KEY_UIApplicationSupportsIndirectInputEvents = YES;
				INFOPLIST_KEY_UILaunchScreen_Generation = YES;
				INFOPLIST_KEY_UISupportedInterfaceOrientations_iPad = "UIInterfaceOrientationPortrait UIInterfaceOrientationPortraitUpsideDown UIInterfaceOrientationLandscapeLeft UIInterfaceOrientationLandscapeRight";
				INFOPLIST_KEY_UISupportedInterfaceOrientations_iPhone = "UIInterfaceOrientationPortrait UIInterfaceOrientationLandscapeLeft UIInterfaceOrientationLandscapeRight";
				LD_RUNPATH_SEARCH_PATHS = (
					"$(inherited)",
					"@executable_path/Frameworks",
				);
				MARKETING_VERSION = 1.0;
				PRODUCT_BUNDLE_IDENTIFIER = com.damatsu.habitApp;
				PRODUCT_NAME = "$(TARGET_NAME)";
				SWIFT_EMIT_LOC_STRINGS = YES;
				SWIFT_VERSION = 5.0;
				TARGETED_DEVICE_FAMILY = "1,2";
			};
			name = Release;
		};
/* End XCBuildConfiguration section */

/* Begin XCConfigurationList section */
		B13B16912BBD99C500216B6F /* Build configuration list for PBXProject "habitApp" */ = {
			isa = XCConfigurationList;
			buildConfigurations = (
				B13B16A22BBD99C700216B6F /* Debug */,
				B13B16A32BBD99C700216B6F /* Release */,
			);
			defaultConfigurationIsVisible = 0;
			defaultConfigurationName = Release;
		};
		B13B16A42BBD99C700216B6F /* Build configuration list for PBXNativeTarget "habitApp" */ = {
			isa = XCConfigurationList;
			buildConfigurations = (
				B13B16A52BBD99C700216B6F /* Debug */,
				B13B16A62BBD99C700216B6F /* Release */,
			);
			defaultConfigurationIsVisible = 0;
			defaultConfigurationName = Release;
		};
/* End XCConfigurationList section */
	};
	rootObject = B13B168E2BBD99C500216B6F /* Project object */;
}
